
Microsoft Visual Studio Solution File, Format Version 12.00
# Visual Studio 14
VisualStudioVersion = 14.0.25123.0
MinimumVisualStudioVersion = 10.0.40219.1
Project("{FAE04EC0-301F-11D3-BF4B-00C04F79EFBC}") = "HTTPClient", "HTTPClient\HTTPClient.csproj", "{6C587781-1959-443B-824C-708A0E55DEC5}"
EndProject
Project("{FAE04EC0-301F-11D3-BF4B-00C04F79EFBC}") = "UDPSumServer", "UDPSumServer\UDPSumServer.csproj", "{85DAF43C-0D3A-421F-8F8D-F1BD22098682}"
EndProject
Project("{FAE04EC0-301F-11D3-BF4B-00C04F79EFBC}") = "UDPSumClient", "UDPSumClient\UDPSumClient.csproj", "{ABF998EF-18D1-457F-815B-56F59C266EB3}"
EndProject
Global
	GlobalSection(SolutionConfigurationPlatforms) = preSolution
		Debug|Any CPU = Debug|Any CPU
		Release|Any CPU = Release|Any CPU
	EndGlobalSection
	GlobalSection(ProjectConfigurationPlatforms) = postSolution
		{6C587781-1959-443B-824C-708A0E55DEC5}.Debug|Any CPU.ActiveCfg = Debug|Any CPU
		{6C587781-1959-443B-824C-708A0E55DEC5}.Debug|Any CPU.Build.0 = Debug|Any CPU
		{6C587781-1959-443B-824C-708A0E55DEC5}.Release|Any CPU.ActiveCfg = Release|Any CPU
		{6C587781-1959-443B-824C-708A0E55DEC5}.Release|Any CPU.Build.0 = Release|Any CPU
		{85DAF43C-0D3A-421F-8F8D-F1BD22098682}.Debug|Any CPU.ActiveCfg = Debug|Any CPU
		{85DAF43C-0D3A-421F-8F8D-F1BD22098682}.Debug|Any CPU.Build.0 = Debug|Any CPU
		{85DAF43C-0D3A-421F-8F8D-F1BD22098682}.Release|Any CPU.ActiveCfg = Release|Any CPU
		{85DAF43C-0D3A-421F-8F8D-F1BD22098682}.Release|Any CPU.Build.0 = Release|Any CPU
		{ABF998EF-18D1-457F-815B-56F59C266EB3}.Debug|Any CPU.ActiveCfg = Debug|Any CPU
		{ABF998EF-18D1-457F-815B-56F59C266EB3}.Debug|Any CPU.Build.0 = Debug|Any CPU
		{ABF998EF-18D1-457F-815B-56F59C266EB3}.Release|Any CPU.ActiveCfg = Release|Any CPU
		{ABF998EF-18D1-457F-815B-56F59C266EB3}.Release|Any CPU.Build.0 = Release|Any CPU
	EndGlobalSection
	GlobalSection(SolutionProperties) = preSolution
		HideSolutionNode = FALSE
	EndGlobalSection
EndGlobal
